
Microsoft Visual Studio Solution File, Format Version 12.00
# Visual Studio 14
VisualStudioVersion = 14.0.23107.0
MinimumVisualStudioVersion = 10.0.40219.1
Project("{FAE04EC0-301F-11D3-BF4B-00C04F79EFBC}") = "WpfApplication1", "WpfApplication1\WpfApplication1.csproj", "{B945E783-52EF-4579-92A0-616118AEAD17}"
EndProject
Global
	GlobalSection(SolutionConfigurationPlatforms) = preSolution
		Debug|Any CPU = Debug|Any CPU
		Release|Any CPU = Release|Any CPU
	EndGlobalSection
	GlobalSection(ProjectConfigurationPlatforms) = postSolution
		{B945E783-52EF-4579-92A0-616118AEAD17}.Debug|Any CPU.ActiveCfg = Debug|Any CPU
		{B945E783-52EF-4579-92A0-616118AEAD17}.Debug|Any CPU.Build.0 = Debug|Any CPU
		{B945E783-52EF-4579-92A0-616118AEAD17}.Release|Any CPU.ActiveCfg = Release|Any CPU
		{B945E783-52EF-4579-92A0-616118AEAD17}.Release|Any CPU.Build.0 = Release|Any CPU
	EndGlobalSection
	GlobalSection(SolutionProperties) = preSolution
		HideSolutionNode = FALSE
	EndGlobalSection
EndGlobal
